PODS:
  - SnapKit (5.7.1)

DEPENDENCIES:
  - "SnapKit (from `git@github.com:ulkomar/SnapKit.git`, branch `develop`)"

EXTERNAL SOURCES:
  SnapKit:
    :branch: develop
    :git: "git@github.com:ulkomar/SnapKit.git"

CHECKOUT OPTIONS:
  SnapKit:
    :commit: 2842e6e84e82eb9a8dac0100ca90d9444b0307f4
    :git: "git@github.com:ulkomar/SnapKit.git"

SPEC CHECKSUMS:
  SnapKit: d612e99e678a2d3b95bf60b0705ed0a35c03484a

PODFILE CHECKSUM: 2037a85150b953ec756fd88a7581e1e0161c0588

COCOAPODS: 1.14.3
