// !$*UTF8*$!
{
	archiveVersion = 1;
	classes = {
	};
	objectVersion = 56;
	objects = {

/* Begin PBXBuildFile section */
		804337C32B84EBEB006DC274 /* AppDelegate.swift in Sources */ = {isa = PBXBuildFile; fileRef = 804337C22B84EBEB006DC274 /* AppDelegate.swift */; };
		804337C52B84EBEB006DC274 /* SceneDelegate.swift in Sources */ = {isa = PBXBuildFile; fileRef = 804337C42B84EBEB006DC274 /* SceneDelegate.swift */; };
		804337C72B84EBEB006DC274 /* ViewController.swift in Sources */ = {isa = PBXBuildFile; fileRef = 804337C62B84EBEB006DC274 /* ViewController.swift */; };
		804337CA2B84EBEB006DC274 /* Main.storyboard in Resources */ = {isa = PBXBuildFile; fileRef = 804337C82B84EBEB006DC274 /* Main.storyboard */; };
		804337CC2B84EBF0006DC274 /* Assets.xcassets in Resources */ = {isa = PBXBuildFile; fileRef = 804337CB2B84EBF0006DC274 /* Assets.xcassets */; };
		804337CF2B84EBF0006DC274 /* LaunchScreen.storyboard in Resources */ = {isa = PBXBuildFile; fileRef = 804337CD2B84EBF0006DC274 /* LaunchScreen.storyboard */; };
		80DAF4D12BA087D100CC55B7 /* MyTableViewCell.swift in Sources */ = {isa = PBXBuildFile; fileRef = 80DAF4D02BA087D100CC55B7 /* MyTableViewCell.swift */; };
		80DAF4D32BA0881500CC55B7 /* MyTableViewController.swift in Sources */ = {isa = PBXBuildFile; fileRef = 80DAF4D22BA0881500CC55B7 /* MyTableViewController.swift */; };
		E85F3AF13001EF449540D330 /* Pods_uikitt.framework in Frameworks */ = {isa = PBXBuildFile; fileRef = B1943FCB24F34DD6B9EC5183 /* Pods_uikitt.framework */; };
/* End PBXBuildFile section */

/* Begin PBXFileReference section */
		35B55484222D61943250D127 /* Pods-uikitt.release.xcconfig */ = {isa = PBXFileReference; includeInIndex = 1; lastKnownFileType = text.xcconfig; name = "Pods-uikitt.release.xcconfig"; path = "Target Support Files/Pods-uikitt/Pods-uikitt.release.xcconfig"; sourceTree = "<group>"; };
		804337BF2B84EBEB006DC274 /* uikitt.app */ = {isa = PBXFileReference; explicitFileType = wrapper.application; includeInIndex = 0; path = uikitt.app; sourceTree = BUILT_PRODUCTS_DIR; };
		804337C22B84EBEB006DC274 /* AppDelegate.swift */ = {isa = PBXFileReference; lastKnownFileType = sourcecode.swift; path = AppDelegate.swift; sourceTree = "<group>"; };
		804337C42B84EBEB006DC274 /* SceneDelegate.swift */ = {isa = PBXFileReference; lastKnownFileType = sourcecode.swift; path = SceneDelegate.swift; sourceTree = "<group>"; };
		804337C62B84EBEB006DC274 /* ViewController.swift */ = {isa = PBXFileReference; lastKnownFileType = sourcecode.swift; path = ViewController.swift; sourceTree = "<group>"; };
		804337C92B84EBEB006DC274 /* Base */ = {isa = PBXFileReference; lastKnownFileType = file.storyboard; name = Base; path = Base.lproj/Main.storyboard; sourceTree = "<group>"; };
		804337CB2B84EBF0006DC274 /* Assets.xcassets */ = {isa = PBXFileReference; lastKnownFileType = folder.assetcatalog; path = Assets.xcassets; sourceTree = "<group>"; };
		804337CE2B84EBF0006DC274 /* Base */ = {isa = PBXFileReference; lastKnownFileType = file.storyboard; name = Base; path = Base.lproj/LaunchScreen.storyboard; sourceTree = "<group>"; };
		804337D02B84EBF0006DC274 /* Info.plist */ = {isa = PBXFileReference; lastKnownFileType = text.plist.xml; path = Info.plist; sourceTree = "<group>"; };
		80DAF4D02BA087D100CC55B7 /* MyTableViewCell.swift */ = {isa = PBXFileReference; lastKnownFileType = sourcecode.swift; path = MyTableViewCell.swift; sourceTree = "<group>"; };
		80DAF4D22BA0881500CC55B7 /* MyTableViewController.swift */ = {isa = PBXFileReference; lastKnownFileType = sourcecode.swift; path = MyTableViewController.swift; sourceTree = "<group>"; };
		B1943FCB24F34DD6B9EC5183 /* Pods_uikitt.framework */ = {isa = PBXFileReference; explicitFileType = wrapper.framework; includeInIndex = 0; path = Pods_uikitt.framework; sourceTree = BUILT_PRODUCTS_DIR; };
		FA09780F5DF15C09D4C84E58 /* Pods-uikitt.debug.xcconfig */ = {isa = PBXFileReference; includeInIndex = 1; lastKnownFileType = text.xcconfig; name = "Pods-uikitt.debug.xcconfig"; path = "Target Support Files/Pods-uikitt/Pods-uikitt.debug.xcconfig"; sourceTree = "<group>"; };
/* End PBXFileReference section */

/* Begin PBXFrameworksBuildPhase section */
		804337BC2B84EBEB006DC274 /* Frameworks */ = {
			isa = PBXFrameworksBuildPhase;
			buildActionMask = 2147483647;
			files = (
				E85F3AF13001EF449540D330 /* Pods_uikitt.framework in Frameworks */,
			);
			runOnlyForDeploymentPostprocessing = 0;
		};
/* End PBXFrameworksBuildPhase section */

/* Begin PBXGroup section */
		60763CB0268417498CE564F0 /* Pods */ = {
			isa = PBXGroup;
			children = (
				FA09780F5DF15C09D4C84E58 /* Pods-uikitt.debug.xcconfig */,
				35B55484222D61943250D127 /* Pods-uikitt.release.xcconfig */,
			);
			name = Pods;
			path = Pods;
			sourceTree = "<group>";
		};
		60BC6B7A49A5B7DB95F855E4 /* Frameworks */ = {
			isa = PBXGroup;
			children = (
				B1943FCB24F34DD6B9EC5183 /* Pods_uikitt.framework */,
			);
			name = Frameworks;
			sourceTree = "<group>";
		};
		804337B62B84EBEB006DC274 = {
			isa = PBXGroup;
			children = (
				804337C12B84EBEB006DC274 /* uikitt */,
				804337C02B84EBEB006DC274 /* Products */,
				60763CB0268417498CE564F0 /* Pods */,
				60BC6B7A49A5B7DB95F855E4 /* Frameworks */,
			);
			sourceTree = "<group>";
		};
		804337C02B84EBEB006DC274 /* Products */ = {
			isa = PBXGroup;
			children = (
				804337BF2B84EBEB006DC274 /* uikitt.app */,
			);
			name = Products;
			sourceTree = "<group>";
		};
		804337C12B84EBEB006DC274 /* uikitt */ = {
			isa = PBXGroup;
			children = (
				80DAF4CF2BA087A800CC55B7 /* Table */,
				804337C22B84EBEB006DC274 /* AppDelegate.swift */,
				804337C42B84EBEB006DC274 /* SceneDelegate.swift */,
				804337C62B84EBEB006DC274 /* ViewController.swift */,
				804337C82B84EBEB006DC274 /* Main.storyboard */,
				804337CB2B84EBF0006DC274 /* Assets.xcassets */,
				804337CD2B84EBF0006DC274 /* LaunchScreen.storyboard */,
				804337D02B84EBF0006DC274 /* Info.plist */,
			);
			path = uikitt;
			sourceTree = "<group>";
		};
		80DAF4CF2BA087A800CC55B7 /* Table */ = {
			isa = PBXGroup;
			children = (
				80DAF4D02BA087D100CC55B7 /* MyTableViewCell.swift */,
				80DAF4D22BA0881500CC55B7 /* MyTableViewController.swift */,
			);
			path = Table;
			sourceTree = "<group>";
		};
/* End PBXGroup section */

/* Begin PBXNativeTarget section */
		804337BE2B84EBEB006DC274 /* uikitt */ = {
			isa = PBXNativeTarget;
			buildConfigurationList = 804337D32B84EBF0006DC274 /* Build configuration list for PBXNativeTarget "uikitt" */;
			buildPhases = (
				647324379265113EDD1A280B /* [CP] Check Pods Manifest.lock */,
				804337BB2B84EBEB006DC274 /* Sources */,
				804337BC2B84EBEB006DC274 /* Frameworks */,
				804337BD2B84EBEB006DC274 /* Resources */,
				6032DBBF84A7C533EADCA249 /* [CP] Embed Pods Frameworks */,
			);
			buildRules = (
			);
			dependencies = (
			);
			name = uikitt;
			productName = uikitt;
			productReference = 804337BF2B84EBEB006DC274 /* uikitt.app */;
			productType = "com.apple.product-type.application";
		};
/* End PBXNativeTarget section */

/* Begin PBXProject section */
		804337B72B84EBEB006DC274 /* Project object */ = {
			isa = PBXProject;
			attributes = {
				BuildIndependentTargetsInParallel = 1;
				LastSwiftUpdateCheck = 1500;
				LastUpgradeCheck = 1500;
				TargetAttributes = {
					804337BE2B84EBEB006DC274 = {
						CreatedOnToolsVersion = 15.0.1;
					};
				};
			};
			buildConfigurationList = 804337BA2B84EBEB006DC274 /* Build configuration list for PBXProject "uikitt" */;
			compatibilityVersion = "Xcode 14.0";
			developmentRegion = en;
			hasScannedForEncodings = 0;
			knownRegions = (
				en,
				Base,
			);
			mainGroup = 804337B62B84EBEB006DC274;
			productRefGroup = 804337C02B84EBEB006DC274 /* Products */;
			projectDirPath = "";
			projectRoot = "";
			targets = (
				804337BE2B84EBEB006DC274 /* uikitt */,
			);
		};
/* End PBXProject section */

/* Begin PBXResourcesBuildPhase section */
		804337BD2B84EBEB006DC274 /* Resources */ = {
			isa = PBXResourcesBuildPhase;
			buildActionMask = 2147483647;
			files = (
				804337CF2B84EBF0006DC274 /* LaunchScreen.storyboard in Resources */,
				804337CC2B84EBF0006DC274 /* Assets.xcassets in Resources */,
				804337CA2B84EBEB006DC274 /* Main.storyboard in Resources */,
			);
			runOnlyForDeploymentPostprocessing = 0;
		};
/* End PBXResourcesBuildPhase section */

/* Begin PBXShellScriptBuildPhase section */
		6032DBBF84A7C533EADCA249 /* [CP] Embed Pods Frameworks */ = {
			isa = PBXShellScriptBuildPhase;
			buildActionMask = 2147483647;
			files = (
			);
			inputFileListPaths = (
				"${PODS_ROOT}/Target Support Files/Pods-uikitt/Pods-uikitt-frameworks-${CONFIGURATION}-input-files.xcfilelist",
			);
			name = "[CP] Embed Pods Frameworks";
			outputFileListPaths = (
				"${PODS_ROOT}/Target Support Files/Pods-uikitt/Pods-uikitt-frameworks-${CONFIGURATION}-output-files.xcfilelist",
			);
			runOnlyForDeploymentPostprocessing = 0;
			shellPath = /bin/sh;
			shellScript = "\"${PODS_ROOT}/Target Support Files/Pods-uikitt/Pods-uikitt-frameworks.sh\"\n";
			showEnvVarsInLog = 0;
		};
		647324379265113EDD1A280B /* [CP] Check Pods Manifest.lock */ = {
			isa = PBXShellScriptBuildPhase;
			buildActionMask = 2147483647;
			files = (
			);
			inputFileListPaths = (
			);
			inputPaths = (
				"${PODS_PODFILE_DIR_PATH}/Podfile.lock",
				"${PODS_ROOT}/Manifest.lock",
			);
			name = "[CP] Check Pods Manifest.lock";
			outputFileListPaths = (
			);
			outputPaths = (
				"$(DERIVED_FILE_DIR)/Pods-uikitt-checkManifestLockResult.txt",
			);
			runOnlyForDeploymentPostprocessing = 0;
			shellPath = /bin/sh;
			shellScript = "diff \"${PODS_PODFILE_DIR_PATH}/Podfile.lock\" \"${PODS_ROOT}/Manifest.lock\" > /dev/null\nif [ $? != 0 ] ; then\n    # print error to STDERR\n    echo \"error: The sandbox is not in sync with the Podfile.lock. Run 'pod install' or update your CocoaPods installation.\" >&2\n    exit 1\nfi\n# This output is used by Xcode 'outputs' to avoid re-running this script phase.\necho \"SUCCESS\" > \"${SCRIPT_OUTPUT_FILE_0}\"\n";
			showEnvVarsInLog = 0;
		};
/* End PBXShellScriptBuildPhase section */

/* Begin PBXSourcesBuildPhase section */
		804337BB2B84EBEB006DC274 /* Sources */ = {
			isa = PBXSourcesBuildPhase;
			buildActionMask = 2147483647;
			files = (
				804337C72B84EBEB006DC274 /* ViewController.swift in Sources */,
				80DAF4D12BA087D100CC55B7 /* MyTableViewCell.swift in Sources */,
				804337C32B84EBEB006DC274 /* AppDelegate.swift in Sources */,
				80DAF4D32BA0881500CC55B7 /* MyTableViewController.swift in Sources */,
				804337C52B84EBEB006DC274 /* SceneDelegate.swift in Sources */,
			);
			runOnlyForDeploymentPostprocessing = 0;
		};
/* End PBXSourcesBuildPhase section */

/* Begin PBXVariantGroup section */
		804337C82B84EBEB006DC274 /* Main.storyboard */ = {
			isa = PBXVariantGroup;
			children = (
				804337C92B84EBEB006DC274 /* Base */,
			);
			name = Main.storyboard;
			sourceTree = "<group>";
		};
		804337CD2B84EBF0006DC274 /* LaunchScreen.storyboard */ = {
			isa = PBXVariantGroup;
			children = (
				804337CE2B84EBF0006DC274 /* Base */,
			);
			name = LaunchScreen.storyboard;
			sourceTree = "<group>";
		};
/* End PBXVariantGroup section */

/* Begin XCBuildConfiguration section */
		804337D12B84EBF0006DC274 /* Debug */ = {
			isa = XCBuildConfiguration;
			buildSettings = {
				ALWAYS_SEARCH_USER_PATHS = NO;
				ASSETCATALOG_COMPILER_GENERATE_SWIFT_ASSET_SYMBOL_EXTENSIONS = YES;
				CLANG_ANALYZER_NONNULL = YES;
				CLANG_ANALYZER_NUMBER_OBJECT_CONVERSION = YES_AGGRESSIVE;
				CLANG_CXX_LANGUAGE_STANDARD = "gnu++20";
				CLANG_ENABLE_MODULES = YES;
				CLANG_ENABLE_OBJC_ARC = YES;
				CLANG_ENABLE_OBJC_WEAK = YES;
				CLANG_WARN_BLOCK_CAPTURE_AUTORELEASING = YES;
				CLANG_WARN_BOOL_CONVERSION = YES;
				CLANG_WARN_COMMA = YES;
				CLANG_WARN_CONSTANT_CONVERSION = YES;
				CLANG_WARN_DEPRECATED_OBJC_IMPLEMENTATIONS = YES;
				CLANG_WARN_DIRECT_OBJC_ISA_USAGE = YES_ERROR;
				CLANG_WARN_DOCUMENTATION_COMMENTS = YES;
				CLANG_WARN_EMPTY_BODY = YES;
				CLANG_WARN_ENUM_CONVERSION = YES;
				CLANG_WARN_INFINITE_RECURSION = YES;
				CLANG_WARN_INT_CONVERSION = YES;
				CLANG_WARN_NON_LITERAL_NULL_CONVERSION = YES;
				CLANG_WARN_OBJC_IMPLICIT_RETAIN_SELF = YES;
				CLANG_WARN_OBJC_LITERAL_CONVERSION = YES;
				CLANG_WARN_OBJC_ROOT_CLASS = YES_ERROR;
				CLANG_WARN_QUOTED_INCLUDE_IN_FRAMEWORK_HEADER = YES;
				CLANG_WARN_RANGE_LOOP_ANALYSIS = YES;
				CLANG_WARN_STRICT_PROTOTYPES = YES;
				CLANG_WARN_SUSPICIOUS_MOVE = YES;
				CLANG_WARN_UNGUARDED_AVAILABILITY = YES_AGGRESSIVE;
				CLANG_WARN_UNREACHABLE_CODE = YES;
				CLANG_WARN__DUPLICATE_METHOD_MATCH = YES;
				COPY_PHASE_STRIP = NO;
				DEBUG_INFORMATION_FORMAT = dwarf;
				ENABLE_STRICT_OBJC_MSGSEND = YES;
				ENABLE_TESTABILITY = YES;
				ENABLE_USER_SCRIPT_SANDBOXING = YES;
				GCC_C_LANGUAGE_STANDARD = gnu17;
				GCC_DYNAMIC_NO_PIC = NO;
				GCC_NO_COMMON_BLOCKS = YES;
				GCC_OPTIMIZATION_LEVEL = 0;
				GCC_PREPROCESSOR_DEFINITIONS = (
					"DEBUG=1",
					"$(inherited)",
				);
				GCC_WARN_64_TO_32_BIT_CONVERSION = YES;
				GCC_WARN_ABOUT_RETURN_TYPE = YES_ERROR;
				GCC_WARN_UNDECLARED_SELECTOR = YES;
				GCC_WARN_UNINITIALIZED_AUTOS = YES_AGGRESSIVE;
				GCC_WARN_UNUSED_FUNCTION = YES;
				GCC_WARN_UNUSED_VARIABLE = YES;
				IPHONEOS_DEPLOYMENT_TARGET = 17.0;
				LOCALIZATION_PREFERS_STRING_CATALOGS = YES;
				MTL_ENABLE_DEBUG_INFO = INCLUDE_SOURCE;
				MTL_FAST_MATH = YES;
				ONLY_ACTIVE_ARCH = YES;
				SDKROOT = iphoneos;
				SWIFT_ACTIVE_COMPILATION_CONDITIONS = "DEBUG $(inherited)";
				SWIFT_OPTIMIZATION_LEVEL = "-Onone";
			};
			name = Debug;
		};
		804337D22B84EBF0006DC274 /* Release */ = {
			isa = XCBuildConfiguration;
			buildSettings = {
				ALWAYS_SEARCH_USER_PATHS = NO;
				ASSETCATALOG_COMPILER_GENERATE_SWIFT_ASSET_SYMBOL_EXTENSIONS = YES;
				CLANG_ANALYZER_NONNULL = YES;
				CLANG_ANALYZER_NUMBER_OBJECT_CONVERSION = YES_AGGRESSIVE;
				CLANG_CXX_LANGUAGE_STANDARD = "gnu++20";
				CLANG_ENABLE_MODULES = YES;
				CLANG_ENABLE_OBJC_ARC = YES;
				CLANG_ENABLE_OBJC_WEAK = YES;
				CLANG_WARN_BLOCK_CAPTURE_AUTORELEASING = YES;
				CLANG_WARN_BOOL_CONVERSION = YES;
				CLANG_WARN_COMMA = YES;
				CLANG_WARN_CONSTANT_CONVERSION = YES;
				CLANG_WARN_DEPRECATED_OBJC_IMPLEMENTATIONS = YES;
				CLANG_WARN_DIRECT_OBJC_ISA_USAGE = YES_ERROR;
				CLANG_WARN_DOCUMENTATION_COMMENTS = YES;
				CLANG_WARN_EMPTY_BODY = YES;
				CLANG_WARN_ENUM_CONVERSION = YES;
				CLANG_WARN_INFINITE_RECURSION = YES;
				CLANG_WARN_INT_CONVERSION = YES;
				CLANG_WARN_NON_LITERAL_NULL_CONVERSION = YES;
				CLANG_WARN_OBJC_IMPLICIT_RETAIN_SELF = YES;
				CLANG_WARN_OBJC_LITERAL_CONVERSION = YES;
				CLANG_WARN_OBJC_ROOT_CLASS = YES_ERROR;
				CLANG_WARN_QUOTED_INCLUDE_IN_FRAMEWORK_HEADER = YES;
				CLANG_WARN_RANGE_LOOP_ANALYSIS = YES;
				CLANG_WARN_STRICT_PROTOTYPES = YES;
				CLANG_WARN_SUSPICIOUS_MOVE = YES;
				CLANG_WARN_UNGUARDED_AVAILABILITY = YES_AGGRESSIVE;
				CLANG_WARN_UNREACHABLE_CODE = YES;
				CLANG_WARN__DUPLICATE_METHOD_MATCH = YES;
				COPY_PHASE_STRIP = NO;
				DEBUG_INFORMATION_FORMAT = "dwarf-with-dsym";
				ENABLE_NS_ASSERTIONS = NO;
				ENABLE_STRICT_OBJC_MSGSEND = YES;
				ENABLE_USER_SCRIPT_SANDBOXING = YES;
				GCC_C_LANGUAGE_STANDARD = gnu17;
				GCC_NO_COMMON_BLOCKS = YES;
				GCC_WARN_64_TO_32_BIT_CONVERSION = YES;
				GCC_WARN_ABOUT_RETURN_TYPE = YES_ERROR;
				GCC_WARN_UNDECLARED_SELECTOR = YES;
				GCC_WARN_UNINITIALIZED_AUTOS = YES_AGGRESSIVE;
				GCC_WARN_UNUSED_FUNCTION = YES;
				GCC_WARN_UNUSED_VARIABLE = YES;
				IPHONEOS_DEPLOYMENT_TARGET = 17.0;
				LOCALIZATION_PREFERS_STRING_CATALOGS = YES;
				MTL_ENABLE_DEBUG_INFO = NO;
				MTL_FAST_MATH = YES;
				SDKROOT = iphoneos;
				SWIFT_COMPILATION_MODE = wholemodule;
				VALIDATE_PRODUCT = YES;
			};
			name = Release;
		};
		804337D42B84EBF0006DC274 /* Debug */ = {
			isa = XCBuildConfiguration;
			baseConfigurationReference = FA09780F5DF15C09D4C84E58 /* Pods-uikitt.debug.xcconfig */;
			buildSettings = {
				ASSETCATALOG_COMPILER_APPICON_NAME = AppIcon;
				ASSETCATALOG_COMPILER_GLOBAL_ACCENT_COLOR_NAME = AccentColor;
				CODE_SIGN_STYLE = Automatic;
				CURRENT_PROJECT_VERSION = 1;
				DEVELOPMENT_TEAM = Q88WS7U793;
				GENERATE_INFOPLIST_FILE = YES;
				INFOPLIST_FILE = uikitt/Info.plist;
				INFOPLIST_KEY_UIApplicationSupportsIndirectInputEvents = YES;
				INFOPLIST_KEY_UILaunchStoryboardName = LaunchScreen;
				INFOPLIST_KEY_UIMainStoryboardFile = Main;
				INFOPLIST_KEY_UISupportedInterfaceOrientations_iPad = "UIInterfaceOrientationPortrait UIInterfaceOrientationPortraitUpsideDown UIInterfaceOrientationLandscapeLeft UIInterfaceOrientationLandscapeRight";
				INFOPLIST_KEY_UISupportedInterfaceOrientations_iPhone = "UIInterfaceOrientationPortrait UIInterfaceOrientationLandscapeLeft UIInterfaceOrientationLandscapeRight";
				LD_RUNPATH_SEARCH_PATHS = (
					"$(inherited)",
					"@executable_path/Frameworks",
				);
				MARKETING_VERSION = 1.0;
				PRODUCT_BUNDLE_IDENTIFIER = com.vlad.uikitt;
				PRODUCT_NAME = "$(TARGET_NAME)";
				SWIFT_EMIT_LOC_STRINGS = YES;
				SWIFT_VERSION = 5.0;
				TARGETED_DEVICE_FAMILY = "1,2";
			};
			name = Debug;
		};
		804337D52B84EBF0006DC274 /* Release */ = {
			isa = XCBuildConfiguration;
			baseConfigurationReference = 35B55484222D61943250D127 /* Pods-uikitt.release.xcconfig */;
			buildSettings = {
				ASSETCATALOG_COMPILER_APPICON_NAME = AppIcon;
				ASSETCATALOG_COMPILER_GLOBAL_ACCENT_COLOR_NAME = AccentColor;
				CODE_SIGN_STYLE = Automatic;
				CURRENT_PROJECT_VERSION = 1;
				DEVELOPMENT_TEAM = Q88WS7U793;
				GENERATE_INFOPLIST_FILE = YES;
				INFOPLIST_FILE = uikitt/Info.plist;
				INFOPLIST_KEY_UIApplicationSupportsIndirectInputEvents = YES;
				INFOPLIST_KEY_UILaunchStoryboardName = LaunchScreen;
				INFOPLIST_KEY_UIMainStoryboardFile = Main;
				INFOPLIST_KEY_UISupportedInterfaceOrientations_iPad = "UIInterfaceOrientationPortrait UIInterfaceOrientationPortraitUpsideDown UIInterfaceOrientationLandscapeLeft UIInterfaceOrientationLandscapeRight";
				INFOPLIST_KEY_UISupportedInterfaceOrientations_iPhone = "UIInterfaceOrientationPortrait UIInterfaceOrientationLandscapeLeft UIInterfaceOrientationLandscapeRight";
				LD_RUNPATH_SEARCH_PATHS = (
					"$(inherited)",
					"@executable_path/Frameworks",
				);
				MARKETING_VERSION = 1.0;
				PRODUCT_BUNDLE_IDENTIFIER = com.vlad.uikitt;
				PRODUCT_NAME = "$(TARGET_NAME)";
				SWIFT_EMIT_LOC_STRINGS = YES;
				SWIFT_VERSION = 5.0;
				TARGETED_DEVICE_FAMILY = "1,2";
			};
			name = Release;
		};
/* End XCBuildConfiguration section */

/* Begin XCConfigurationList section */
		804337BA2B84EBEB006DC274 /* Build configuration list for PBXProject "uikitt" */ = {
			isa = XCConfigurationList;
			buildConfigurations = (
				804337D12B84EBF0006DC274 /* Debug */,
				804337D22B84EBF0006DC274 /* Release */,
			);
			defaultConfigurationIsVisible = 0;
			defaultConfigurationName = Release;
		};
		804337D32B84EBF0006DC274 /* Build configuration list for PBXNativeTarget "uikitt" */ = {
			isa = XCConfigurationList;
			buildConfigurations = (
				804337D42B84EBF0006DC274 /* Debug */,
				804337D52B84EBF0006DC274 /* Release */,
			);
			defaultConfigurationIsVisible = 0;
			defaultConfigurationName = Release;
		};
/* End XCConfigurationList section */
	};
	rootObject = 804337B72B84EBEB006DC274 /* Project object */;
}
